
Microsoft Visual Studio Solution File, Format Version 12.00
# Visual Studio Version 17
VisualStudioVersion = 17.0.31903.59
MinimumVisualStudioVersion = 10.0.40219.1
Project("{9A19103F-16F7-4668-BE54-9A1E7A4F7556}") = "OwlCore", "src\OwlCore.csproj", "{82934435-7488-4D51-868D-564466D2C0DF}"
EndProject
Project("{9A19103F-16F7-4668-BE54-9A1E7A4F7556}") = "OwlCore.Tests", "tests\OwlCore.Tests.csproj", "{7695EF1C-B7A9-4E5D-B48F-7CB4733EFF19}"
EndProject
Global
	GlobalSection(SolutionConfigurationPlatforms) = preSolution
		Debug|Any CPU = Debug|Any CPU
		Release|Any CPU = Release|Any CPU
	EndGlobalSection
	GlobalSection(ProjectConfigurationPlatforms) = postSolution
		{82934435-7488-4D51-868D-564466D2C0DF}.Debug|Any CPU.ActiveCfg = Debug|Any CPU
		{82934435-7488-4D51-868D-564466D2C0DF}.Debug|Any CPU.Build.0 = Debug|Any CPU
		{82934435-7488-4D51-868D-564466D2C0DF}.Release|Any CPU.ActiveCfg = Release|Any CPU
		{82934435-7488-4D51-868D-564466D2C0DF}.Release|Any CPU.Build.0 = Release|Any CPU
		{7695EF1C-B7A9-4E5D-B48F-7CB4733EFF19}.Debug|Any CPU.ActiveCfg = Debug|Any CPU
		{7695EF1C-B7A9-4E5D-B48F-7CB4733EFF19}.Debug|Any CPU.Build.0 = Debug|Any CPU
		{7695EF1C-B7A9-4E5D-B48F-7CB4733EFF19}.Release|Any CPU.ActiveCfg = Release|Any CPU
		{7695EF1C-B7A9-4E5D-B48F-7CB4733EFF19}.Release|Any CPU.Build.0 = Release|Any CPU
	EndGlobalSection
	GlobalSection(SolutionProperties) = preSolution
		HideSolutionNode = FALSE
	EndGlobalSection
	GlobalSection(ExtensibilityGlobals) = postSolution
		SolutionGuid = {A6613902-A09B-4DAD-8049-7767BAA23ABB}
	EndGlobalSection
EndGlobal
